{
  "name": "my-developer-portfolio",
  "version": "1.0.0",
  "lockfileVersion": 2,
  "requires": true,
  "packages": {
    "": {
      "version": "1.0.0",
      "license": "ISC",
      "dependencies": {
        "@fortawesome/fontawesome-svg-core": "^1.2.35",
        "@fortawesome/free-brands-svg-icons": "^5.15.3",
        "@fortawesome/free-regular-svg-icons": "^5.15.3",
        "@fortawesome/free-solid-svg-icons": "^5.15.3",
        "@fortawesome/react-fontawesome": "^0.1.14",
        "next": "^14.2.15",
        "react": "^17.0.2",
        "react-bootstrap": "^1.6.1",
        "react-dom": "^17.0.2"
      }
    },
    "node_modules/@babel/runtime": {
      "version": "7.15.3",
      "resolved": "https://registry.npmjs.org/@babel/runtime/-/runtime-7.15.3.tgz",
      "integrity": "sha512-OvwMLqNXkCXSz1kSm58sEsNuhqOx/fKpnUnKnFB5v8uDda5bLNEHNgKPvhDN6IU0LDcnHQ90LlJ0Q6jnyBSIBA==",
      "dependencies": {
        "regenerator-runtime": "^0.13.4"
      },
      "engines": {
        "node": ">=6.9.0"
      }
    },
    "node_modules/@fortawesome/fontawesome-common-types": {
      "version": "0.2.35",
      "resolved": "https://registry.npmjs.org/@fortawesome/fontawesome-common-types/-/fontawesome-common-types-0.2.35.tgz",
      "integrity": "sha512-IHUfxSEDS9dDGqYwIW7wTN6tn/O8E0n5PcAHz9cAaBoZw6UpG20IG/YM3NNLaGPwPqgjBAFjIURzqoQs3rrtuw==",
      "hasInstallScript": true,
      "engines": {
        "node": ">=6"
      }
    },
    "node_modules/@fortawesome/fontawesome-svg-core": {
      "version": "1.2.35",
      "resolved": "https://registry.npmjs.org/@fortawesome/fontawesome-svg-core/-/fontawesome-svg-core-1.2.35.tgz",
      "integrity": "sha512-uLEXifXIL7hnh2sNZQrIJWNol7cTVIzwI+4qcBIq9QWaZqUblm0IDrtSqbNg+3SQf8SMGHkiSigD++rHmCHjBg==",
      "hasInstallScript": true,
      "dependencies": {
        "@fortawesome/fontawesome-common-types": "^0.2.35"
      },
      "engines": {
        "node": ">=6"
      }
    },
    "node_modules/@fortawesome/free-brands-svg-icons": {
      "version": "5.15.3",
      "resolved": "https://registry.npmjs.org/@fortawesome/free-brands-svg-icons/-/free-brands-svg-icons-5.15.3.tgz",
      "integrity": "sha512-1hirPcbjj72ZJtFvdnXGPbAbpn3Ox6mH3g5STbANFp3vGSiE5u5ingAKV06mK6ZVqNYxUPlh4DlTnaIvLtF2kw==",
      "hasInstallScript": true,
      "dependencies": {
        "@fortawesome/fontawesome-common-types": "^0.2.35"
      },
      "engines": {
        "node": ">=6"
      }
    },
    "node_modules/@fortawesome/free-regular-svg-icons": {
      "version": "5.15.3",
      "resolved": "https://registry.npmjs.org/@fortawesome/free-regular-svg-icons/-/free-regular-svg-icons-5.15.3.tgz",
      "integrity": "sha512-q4/p8Xehy9qiVTdDWHL4Z+o5PCLRChePGZRTXkl+/Z7erDVL8VcZUuqzJjs6gUz6czss4VIPBRdCz6wP37/zMQ==",
      "hasInstallScript": true,
      "dependencies": {
        "@fortawesome/fontawesome-common-types": "^0.2.35"
      },
      "engines": {
        "node": ">=6"
      }
    },
    "node_modules/@fortawesome/free-solid-svg-icons": {
      "version": "5.15.3",
      "resolved": "https://registry.npmjs.org/@fortawesome/free-solid-svg-icons/-/free-solid-svg-icons-5.15.3.tgz",
      "integrity": "sha512-XPeeu1IlGYqz4VWGRAT5ukNMd4VHUEEJ7ysZ7pSSgaEtNvSo+FLurybGJVmiqkQdK50OkSja2bfZXOeyMGRD8Q==",
      "hasInstallScript": true,
      "dependencies": {
        "@fortawesome/fontawesome-common-types": "^0.2.35"
      },
      "engines": {
        "node": ">=6"
      }
    },
    "node_modules/@fortawesome/react-fontawesome": {
      "version": "0.1.14",
      "resolved": "https://registry.npmjs.org/@fortawesome/react-fontawesome/-/react-fontawesome-0.1.14.tgz",
      "integrity": "sha512-4wqNb0gRLVaBm/h+lGe8UfPPivcbuJ6ecI4hIgW0LjI7kzpYB9FkN0L9apbVzg+lsBdcTf0AlBtODjcSX5mmKA==",
      "dependencies": {
        "prop-types": "^15.7.2"
      },
      "peerDependencies": {
        "@fortawesome/fontawesome-svg-core": "^1.2.32",
        "react": ">=16.x"
      }
    },
    "node_modules/@next/env": {
      "version": "14.2.15",
      "resolved": "https://registry.npmjs.org/@next/env/-/env-14.2.15.tgz",
      "integrity": "sha512-S1qaj25Wru2dUpcIZMjxeMVSwkt8BK4dmWHHiBuRstcIyOsMapqT4A4jSB6onvqeygkSSmOkyny9VVx8JIGamQ=="
    },
    "node_modules/@next/swc-darwin-arm64": {
      "version": "14.2.15",
      "resolved": "https://registry.npmjs.org/@next/swc-darwin-arm64/-/swc-darwin-arm64-14.2.15.tgz",
      "integrity": "sha512-Rvh7KU9hOUBnZ9TJ28n2Oa7dD9cvDBKua9IKx7cfQQ0GoYUwg9ig31O2oMwH3wm+pE3IkAQ67ZobPfEgurPZIA==",
      "cpu": [
        "arm64"
      ],
      "optional": true,
      "os": [
        "darwin"
      ],
      "engines": {
        "node": ">= 10"
      }
    },
    "node_modules/@next/swc-darwin-x64": {
      "version": "14.2.15",
      "resolved": "https://registry.npmjs.org/@next/swc-darwin-x64/-/swc-darwin-x64-14.2.15.tgz",
      "integrity": "sha512-5TGyjFcf8ampZP3e+FyCax5zFVHi+Oe7sZyaKOngsqyaNEpOgkKB3sqmymkZfowy3ufGA/tUgDPPxpQx931lHg==",
      "cpu": [
        "x64"
      ],
      "optional": true,
      "os": [
        "darwin"
      ],
      "engines": {
        "node": ">= 10"
      }
    },
    "node_modules/@next/swc-linux-arm64-gnu": {
      "version": "14.2.15",
      "resolved": "https://registry.npmjs.org/@next/swc-linux-arm64-gnu/-/swc-linux-arm64-gnu-14.2.15.tgz",
      "integrity": "sha512-3Bwv4oc08ONiQ3FiOLKT72Q+ndEMyLNsc/D3qnLMbtUYTQAmkx9E/JRu0DBpHxNddBmNT5hxz1mYBphJ3mfrrw==",
      "cpu": [
        "arm64"
      ],
      "optional": true,
      "os": [
        "linux"
      ],
      "engines": {
        "node": ">= 10"
      }
    },
    "node_modules/@next/swc-linux-arm64-musl": {
      "version": "14.2.15",
      "resolved": "https://registry.npmjs.org/@next/swc-linux-arm64-musl/-/swc-linux-arm64-musl-14.2.15.tgz",
      "integrity": "sha512-k5xf/tg1FBv/M4CMd8S+JL3uV9BnnRmoe7F+GWC3DxkTCD9aewFRH1s5rJ1zkzDa+Do4zyN8qD0N8c84Hu96FQ==",
      "cpu": [
        "arm64"
      ],
      "optional": true,
      "os": [
        "linux"
      ],
      "engines": {
        "node": ">= 10"
      }
    },
    "node_modules/@next/swc-linux-x64-gnu": {
      "version": "14.2.15",
      "resolved": "https://registry.npmjs.org/@next/swc-linux-x64-gnu/-/swc-linux-x64-gnu-14.2.15.tgz",
      "integrity": "sha512-kE6q38hbrRbKEkkVn62reLXhThLRh6/TvgSP56GkFNhU22TbIrQDEMrO7j0IcQHcew2wfykq8lZyHFabz0oBrA==",
      "cpu": [
        "x64"
      ],
      "optional": true,
      "os": [
        "linux"
      ],
      "engines": {
        "node": ">= 10"
      }
    },
    "node_modules/@next/swc-linux-x64-musl": {
      "version": "14.2.15",
      "resolved": "https://registry.npmjs.org/@next/swc-linux-x64-musl/-/swc-linux-x64-musl-14.2.15.tgz",
      "integrity": "sha512-PZ5YE9ouy/IdO7QVJeIcyLn/Rc4ml9M2G4y3kCM9MNf1YKvFY4heg3pVa/jQbMro+tP6yc4G2o9LjAz1zxD7tQ==",
      "cpu": [
        "x64"
      ],
      "optional": true,
      "os": [
        "linux"
      ],
      "engines": {
        "node": ">= 10"
      }
    },
    "node_modules/@next/swc-win32-arm64-msvc": {
      "version": "14.2.15",
      "resolved": "https://registry.npmjs.org/@next/swc-win32-arm64-msvc/-/swc-win32-arm64-msvc-14.2.15.tgz",
      "integrity": "sha512-2raR16703kBvYEQD9HNLyb0/394yfqzmIeyp2nDzcPV4yPjqNUG3ohX6jX00WryXz6s1FXpVhsCo3i+g4RUX+g==",
      "cpu": [
        "arm64"
      ],
      "optional": true,
      "os": [
        "win32"
      ],
      "engines": {
        "node": ">= 10"
      }
    },
    "node_modules/@next/swc-win32-ia32-msvc": {
      "version": "14.2.15",
      "resolved": "https://registry.npmjs.org/@next/swc-win32-ia32-msvc/-/swc-win32-ia32-msvc-14.2.15.tgz",
      "integrity": "sha512-fyTE8cklgkyR1p03kJa5zXEaZ9El+kDNM5A+66+8evQS5e/6v0Gk28LqA0Jet8gKSOyP+OTm/tJHzMlGdQerdQ==",
      "cpu": [
        "ia32"
      ],
      "optional": true,
      "os": [
        "win32"
      ],
      "engines": {
        "node": ">= 10"
      }
    },
    "node_modules/@next/swc-win32-x64-msvc": {
      "version": "14.2.15",
      "resolved": "https://registry.npmjs.org/@next/swc-win32-x64-msvc/-/swc-win32-x64-msvc-14.2.15.tgz",
      "integrity": "sha512-SzqGbsLsP9OwKNUG9nekShTwhj6JSB9ZLMWQ8g1gG6hdE5gQLncbnbymrwy2yVmH9nikSLYRYxYMFu78Ggp7/g==",
      "cpu": [
        "x64"
      ],
      "optional": true,
      "os": [
        "win32"
      ],
      "engines": {
        "node": ">= 10"
      }
    },
    "node_modules/@popperjs/core": {
      "version": "2.9.2",
      "resolved": "https://registry.npmjs.org/@popperjs/core/-/core-2.9.2.tgz",
      "integrity": "sha512-VZMYa7+fXHdwIq1TDhSXoVmSPEGM/aa+6Aiq3nVVJ9bXr24zScr+NlKFKC3iPljA7ho/GAZr+d2jOf5GIRC30Q==",
      "funding": {
        "type": "opencollective",
        "url": "https://opencollective.com/popperjs"
      }
    },
    "node_modules/@restart/context": {
      "version": "2.1.4",
      "resolved": "https://registry.npmjs.org/@restart/context/-/context-2.1.4.tgz",
      "integrity": "sha512-INJYZQJP7g+IoDUh/475NlGiTeMfwTXUEr3tmRneckHIxNolGOW9CTq83S8cxq0CgJwwcMzMJFchxvlwe7Rk8Q==",
      "peerDependencies": {
        "react": ">=16.3.2"
      }
    },
    "node_modules/@restart/hooks": {
      "version": "0.3.27",
      "resolved": "https://registry.npmjs.org/@restart/hooks/-/hooks-0.3.27.tgz",
      "integrity": "sha512-s984xV/EapUIfkjlf8wz9weP2O9TNKR96C68FfMEy2bE69+H4cNv3RD4Mf97lW7Htt7PjZrYTjSC8f3SB9VCXw==",
      "dependencies": {
        "dequal": "^2.0.2"
      },
      "peerDependencies": {
        "react": ">=16.8.0"
      }
    },
    "node_modules/@swc/counter": {
      "version": "0.1.3",
      "resolved": "https://registry.npmjs.org/@swc/counter/-/counter-0.1.3.tgz",
      "integrity": "sha512-e2BR4lsJkkRlKZ/qCHPw9ZaSxc0MVUd7gtbtaB7aMvHeJVYe8sOB8DBZkP2DtISHGSku9sCK6T6cnY0CtXrOCQ=="
    },
    "node_modules/@swc/helpers": {
      "version": "0.5.5",
      "resolved": "https://registry.npmjs.org/@swc/helpers/-/helpers-0.5.5.tgz",
      "integrity": "sha512-KGYxvIOXcceOAbEk4bi/dVLEK9z8sZ0uBB3Il5b1rhfClSpcX0yfRO0KmTkqR2cnQDymwLB+25ZyMzICg/cm/A==",
      "dependencies": {
        "@swc/counter": "^0.1.3",
        "tslib": "^2.4.0"
      }
    },
    "node_modules/@types/invariant": {
      "version": "2.2.34",
      "resolved": "https://registry.npmjs.org/@types/invariant/-/invariant-2.2.34.tgz",
      "integrity": "sha512-lYUtmJ9BqUN688fGY1U1HZoWT1/Jrmgigx2loq4ZcJpICECm/Om3V314BxdzypO0u5PORKGMM6x0OXaljV1YFg=="
    },
    "node_modules/@types/prop-types": {
      "version": "15.7.3",
      "resolved": "https://registry.npmjs.org/@types/prop-types/-/prop-types-15.7.3.tgz",
      "integrity": "sha512-KfRL3PuHmqQLOG+2tGpRO26Ctg+Cq1E01D2DMriKEATHgWLfeNDmq9e29Q9WIky0dQ3NPkd1mzYH8Lm936Z9qw=="
    },
    "node_modules/@types/react": {
      "version": "17.0.13",
      "resolved": "https://registry.npmjs.org/@types/react/-/react-17.0.13.tgz",
      "integrity": "sha512-D/G3PiuqTfE3IMNjLn/DCp6umjVCSvtZTPdtAFy5+Ved6CsdRvivfKeCzw79W4AatShtU4nGqgvOv5Gro534vQ==",
      "dependencies": {
        "@types/prop-types": "*",
        "@types/scheduler": "*",
        "csstype": "^3.0.2"
      }
    },
    "node_modules/@types/react-transition-group": {
      "version": "4.4.1",
      "resolved": "https://registry.npmjs.org/@types/react-transition-group/-/react-transition-group-4.4.1.tgz",
      "integrity": "sha512-vIo69qKKcYoJ8wKCJjwSgCTM+z3chw3g18dkrDfVX665tMH7tmbDxEAnPdey4gTlwZz5QuHGzd+hul0OVZDqqQ==",
      "dependencies": {
        "@types/react": "*"
      }
    },
    "node_modules/@types/scheduler": {
      "version": "0.16.1",
      "resolved": "https://registry.npmjs.org/@types/scheduler/-/scheduler-0.16.1.tgz",
      "integrity": "sha512-EaCxbanVeyxDRTQBkdLb3Bvl/HK7PBK6UJjsSixB0iHKoWxE5uu2Q/DgtpOhPIojN0Zl1whvOd7PoHs2P0s5eA=="
    },
    "node_modules/@types/warning": {
      "version": "3.0.0",
      "resolved": "https://registry.npmjs.org/@types/warning/-/warning-3.0.0.tgz",
      "integrity": "sha1-DSUBJorY+ZYrdA04fEZU9fjiPlI="
    },
    "node_modules/busboy": {
      "version": "1.6.0",
      "resolved": "https://registry.npmjs.org/busboy/-/busboy-1.6.0.tgz",
      "integrity": "sha512-8SFQbg/0hQ9xy3UNTB0YEnsNBbWfhf7RtnzpL7TkBiTBRfrQ9Fxcnz7VJsleJpyp6rVLvXiuORqjlHi5q+PYuA==",
      "dependencies": {
        "streamsearch": "^1.1.0"
      },
      "engines": {
        "node": ">=10.16.0"
      }
    },
    "node_modules/caniuse-lite": {
      "version": "1.0.30001617",
      "resolved": "https://registry.npmjs.org/caniuse-lite/-/caniuse-lite-1.0.30001617.tgz",
      "integrity": "sha512-mLyjzNI9I+Pix8zwcrpxEbGlfqOkF9kM3ptzmKNw5tizSyYwMe+nGLTqMK9cO+0E+Bh6TsBxNAaHWEM8xwSsmA==",
      "funding": [
        {
          "type": "opencollective",
          "url": "https://opencollective.com/browserslist"
        },
        {
          "type": "tidelift",
          "url": "https://tidelift.com/funding/github/npm/caniuse-lite"
        },
        {
          "type": "github",
          "url": "https://github.com/sponsors/ai"
        }
      ]
    },
    "node_modules/client-only": {
      "version": "0.0.1",
      "resolved": "https://registry.npmjs.org/client-only/-/client-only-0.0.1.tgz",
      "integrity": "sha512-IV3Ou0jSMzZrd3pZ48nLkT9DA7Ag1pnPzaiQhpW7c3RbcqqzvzzVu+L8gfqMp/8IM2MQtSiqaCxrrcfu8I8rMA=="
    },
    "node_modules/csstype": {
      "version": "3.0.8",
      "resolved": "https://registry.npmjs.org/csstype/-/csstype-3.0.8.tgz",
      "integrity": "sha512-jXKhWqXPmlUeoQnF/EhTtTl4C9SnrxSH/jZUih3jmO6lBKr99rP3/+FmrMj4EFpOXzMtXHAZkd3x0E6h6Fgflw=="
    },
    "node_modules/dequal": {
      "version": "2.0.2",
      "resolved": "https://registry.npmjs.org/dequal/-/dequal-2.0.2.tgz",
      "integrity": "sha512-q9K8BlJVxK7hQYqa6XISGmBZbtQQWVXSrRrWreHC94rMt1QL/Impruc+7p2CYSYuVIUr+YCt6hjrs1kkdJRTug==",
      "engines": {
        "node": ">=6"
      }
    },
    "node_modules/dom-helpers": {
      "version": "5.2.1",
      "resolved": "https://registry.npmjs.org/dom-helpers/-/dom-helpers-5.2.1.tgz",
      "integrity": "sha512-nRCa7CK3VTrM2NmGkIy4cbK7IZlgBE/PYMn55rrXefr5xXDP0LdtfPnblFDoVdcAfslJ7or6iqAUnx0CCGIWQA==",
      "dependencies": {
        "@babel/runtime": "^7.8.7",
        "csstype": "^3.0.2"
      }
    },
    "node_modules/graceful-fs": {
      "version": "4.2.11",
      "resolved": "https://registry.npmjs.org/graceful-fs/-/graceful-fs-4.2.11.tgz",
      "integrity": "sha512-RbJ5/jmFcNNCcDV5o9eTnBLJ/HszWV0P73bc+Ff4nS/rJj+YaS6IGyiOL0VoBYX+l1Wrl3k63h/KrH+nhJ0XvQ=="
    },
    "node_modules/invariant": {
      "version": "2.2.4",
      "resolved": "https://registry.npmjs.org/invariant/-/invariant-2.2.4.tgz",
      "integrity": "sha512-phJfQVBuaJM5raOpJjSfkiD6BpbCE4Ns//LaXl6wGYtUBY83nWS6Rf9tXm2e8VaK60JEjYldbPif/A2B1C2gNA==",
      "dependencies": {
        "loose-envify": "^1.0.0"
      }
    },
    "node_modules/js-tokens": {
      "version": "4.0.0",
      "resolved": "https://registry.npmjs.org/js-tokens/-/js-tokens-4.0.0.tgz",
      "integrity": "sha512-RdJUflcE3cUzKiMqQgsCu06FPu9UdIJO0beYbPhHN4k6apgJtifcoCtT9bcxOpYBtpD2kCM6Sbzg4CausW/PKQ=="
    },
    "node_modules/loose-envify": {
      "version": "1.4.0",
      "resolved": "https://registry.npmjs.org/loose-envify/-/loose-envify-1.4.0.tgz",
      "integrity": "sha512-lyuxPGr/Wfhrlem2CL/UcnUc1zcqKAImBDzukY7Y5F/yQiNdko6+fRLevlw1HgMySw7f611UIY408EtxRSoK3Q==",
      "dependencies": {
        "js-tokens": "^3.0.0 || ^4.0.0"
      },
      "bin": {
        "loose-envify": "cli.js"
      }
    },
    "node_modules/nanoid": {
      "version": "3.3.8",
      "resolved": "https://registry.npmjs.org/nanoid/-/nanoid-3.3.8.tgz",
      "integrity": "sha512-WNLf5Sd8oZxOm+TzppcYk8gVOgP+l58xNy58D0nbUnOxOWRWvlcCV4kUF7ltmI6PsrLl/BgKEyS4mqsGChFN0w==",
      "funding": [
        {
          "type": "github",
          "url": "https://github.com/sponsors/ai"
        }
      ],
      "license": "MIT",
      "bin": {
        "nanoid": "bin/nanoid.cjs"
      },
      "engines": {
        "node": "^10 || ^12 || ^13.7 || ^14 || >=15.0.1"
      }
    },
    "node_modules/next": {
      "version": "14.2.15",
      "resolved": "https://registry.npmjs.org/next/-/next-14.2.15.tgz",
      "integrity": "sha512-h9ctmOokpoDphRvMGnwOJAedT6zKhwqyZML9mDtspgf4Rh3Pn7UTYKqePNoDvhsWBAO5GoPNYshnAUGIazVGmw==",
      "dependencies": {
        "@next/env": "14.2.15",
        "@swc/helpers": "0.5.5",
        "busboy": "1.6.0",
        "caniuse-lite": "^1.0.30001579",
        "graceful-fs": "^4.2.11",
        "postcss": "8.4.31",
        "styled-jsx": "5.1.1"
      },
      "bin": {
        "next": "dist/bin/next"
      },
      "engines": {
        "node": ">=18.17.0"
      },
      "optionalDependencies": {
        "@next/swc-darwin-arm64": "14.2.15",
        "@next/swc-darwin-x64": "14.2.15",
        "@next/swc-linux-arm64-gnu": "14.2.15",
        "@next/swc-linux-arm64-musl": "14.2.15",
        "@next/swc-linux-x64-gnu": "14.2.15",
        "@next/swc-linux-x64-musl": "14.2.15",
        "@next/swc-win32-arm64-msvc": "14.2.15",
        "@next/swc-win32-ia32-msvc": "14.2.15",
        "@next/swc-win32-x64-msvc": "14.2.15"
      },
      "peerDependencies": {
        "@opentelemetry/api": "^1.1.0",
        "@playwright/test": "^1.41.2",
        "react": "^18.2.0",
        "react-dom": "^18.2.0",
        "sass": "^1.3.0"
      },
      "peerDependenciesMeta": {
        "@opentelemetry/api": {
          "optional": true
        },
        "@playwright/test": {
          "optional": true
        },
        "sass": {
          "optional": true
        }
      }
    },
    "node_modules/object-assign": {
      "version": "4.1.1",
      "resolved": "https://registry.npmjs.org/object-assign/-/object-assign-4.1.1.tgz",
      "integrity": "sha1-IQmtx5ZYh8/AXLvUQsrIv7s2CGM=",
      "engines": {
        "node": ">=0.10.0"
      }
    },
    "node_modules/picocolors": {
      "version": "1.0.0",
      "resolved": "https://registry.npmjs.org/picocolors/-/picocolors-1.0.0.tgz",
      "integrity": "sha512-1fygroTLlHu66zi26VoTDv8yRgm0Fccecssto+MhsZ0D/DGW2sm8E8AjW7NU5VVTRt5GxbeZ5qBuJr+HyLYkjQ=="
    },
    "node_modules/postcss": {
      "version": "8.4.31",
      "resolved": "https://registry.npmjs.org/postcss/-/postcss-8.4.31.tgz",
      "integrity": "sha512-PS08Iboia9mts/2ygV3eLpY5ghnUcfLV/EXTOW1E2qYxJKGGBUtNjN76FYHnMs36RmARn41bC0AZmn+rR0OVpQ==",
      "funding": [
        {
          "type": "opencollective",
          "url": "https://opencollective.com/postcss/"
        },
        {
          "type": "tidelift",
          "url": "https://tidelift.com/funding/github/npm/postcss"
        },
        {
          "type": "github",
          "url": "https://github.com/sponsors/ai"
        }
      ],
      "dependencies": {
        "nanoid": "^3.3.6",
        "picocolors": "^1.0.0",
        "source-map-js": "^1.0.2"
      },
      "engines": {
        "node": "^10 || ^12 || >=14"
      }
    },
    "node_modules/prop-types": {
      "version": "15.7.2",
      "resolved": "https://registry.npmjs.org/prop-types/-/prop-types-15.7.2.tgz",
      "integrity": "sha512-8QQikdH7//R2vurIJSutZ1smHYTcLpRWEOlHnzcWHmBYrOGUysKwSsrC89BCiFj3CbrfJ/nXFdJepOVrY1GCHQ==",
      "dependencies": {
        "loose-envify": "^1.4.0",
        "object-assign": "^4.1.1",
        "react-is": "^16.8.1"
      }
    },
    "node_modules/prop-types-extra": {
      "version": "1.1.1",
      "resolved": "https://registry.npmjs.org/prop-types-extra/-/prop-types-extra-1.1.1.tgz",
      "integrity": "sha512-59+AHNnHYCdiC+vMwY52WmvP5dM3QLeoumYuEyceQDi9aEhtwN9zIQ2ZNo25sMyXnbh32h+P1ezDsUpUH3JAew==",
      "dependencies": {
        "react-is": "^16.3.2",
        "warning": "^4.0.0"
      },
      "peerDependencies": {
        "react": ">=0.14.0"
      }
    },
    "node_modules/prop-types-extra/node_modules/react-is": {
      "version": "16.13.1",
      "resolved": "https://registry.npmjs.org/react-is/-/react-is-16.13.1.tgz",
      "integrity": "sha512-24e6ynE2H+OKt4kqsOvNd8kBpV65zoxbA4BVsEOB3ARVWQki/DHzaUoC5KuON/BiccDaCCTZBuOcfZs70kR8bQ=="
    },
    "node_modules/prop-types/node_modules/react-is": {
      "version": "16.13.1",
      "resolved": "https://registry.npmjs.org/react-is/-/react-is-16.13.1.tgz",
      "integrity": "sha512-24e6ynE2H+OKt4kqsOvNd8kBpV65zoxbA4BVsEOB3ARVWQki/DHzaUoC5KuON/BiccDaCCTZBuOcfZs70kR8bQ=="
    },
    "node_modules/react": {
      "version": "17.0.2",
      "resolved": "https://registry.npmjs.org/react/-/react-17.0.2.tgz",
      "integrity": "sha512-gnhPt75i/dq/z3/6q/0asP78D0u592D5L1pd7M8P+dck6Fu/jJeL6iVVK23fptSUZj8Vjf++7wXA8UNclGQcbA==",
      "dependencies": {
        "loose-envify": "^1.1.0",
        "object-assign": "^4.1.1"
      },
      "engines": {
        "node": ">=0.10.0"
      }
    },
    "node_modules/react-bootstrap": {
      "version": "1.6.1",
      "resolved": "https://registry.npmjs.org/react-bootstrap/-/react-bootstrap-1.6.1.tgz",
      "integrity": "sha512-ojEPQ6OtyIMdLg0Smofk+85PKN6MLKQX3bU0Vwmok/4yNa8DQ2vCGhO2IgHJvT+ERQZ4X+gAQcdn6msAHSwLBg==",
      "dependencies": {
        "@babel/runtime": "^7.14.0",
        "@restart/context": "^2.1.4",
        "@restart/hooks": "^0.3.26",
        "@types/invariant": "^2.2.33",
        "@types/prop-types": "^15.7.3",
        "@types/react": ">=16.14.8",
        "@types/react-transition-group": "^4.4.1",
        "@types/warning": "^3.0.0",
        "classnames": "^2.3.1",
        "dom-helpers": "^5.2.1",
        "invariant": "^2.2.4",
        "prop-types": "^15.7.2",
        "prop-types-extra": "^1.1.0",
        "react-overlays": "^5.0.1",
        "react-transition-group": "^4.4.1",
        "uncontrollable": "^7.2.1",
        "warning": "^4.0.3"
      },
      "peerDependencies": {
        "react": ">=16.8.0",
        "react-dom": ">=16.8.0"
      }
    },
    "node_modules/react-bootstrap/node_modules/classnames": {
      "version": "2.3.1",
      "resolved": "https://registry.npmjs.org/classnames/-/classnames-2.3.1.tgz",
      "integrity": "sha512-OlQdbZ7gLfGarSqxesMesDa5uz7KFbID8Kpq/SxIoNGDqY8lSYs0D+hhtBXhcdB3rcbXArFr7vlHheLk1voeNA=="
    },
    "node_modules/react-dom": {
      "version": "17.0.2",
      "resolved": "https://registry.npmjs.org/react-dom/-/react-dom-17.0.2.tgz",
      "integrity": "sha512-s4h96KtLDUQlsENhMn1ar8t2bEa+q/YAtj8pPPdIjPDGBDIVNsrD9aXNWqspUe6AzKCIG0C1HZZLqLV7qpOBGA==",
      "dependencies": {
        "loose-envify": "^1.1.0",
        "object-assign": "^4.1.1",
        "scheduler": "^0.20.2"
      },
      "peerDependencies": {
        "react": "17.0.2"
      }
    },
    "node_modules/react-lifecycles-compat": {
      "version": "3.0.4",
      "resolved": "https://registry.npmjs.org/react-lifecycles-compat/-/react-lifecycles-compat-3.0.4.tgz",
      "integrity": "sha512-fBASbA6LnOU9dOU2eW7aQ8xmYBSXUIWr+UmF9b1efZBazGNO+rcXT/icdKnYm2pTwcRylVUYwW7H1PHfLekVzA=="
    },
    "node_modules/react-overlays": {
      "version": "5.1.0",
      "resolved": "https://registry.npmjs.org/react-overlays/-/react-overlays-5.1.0.tgz",
      "integrity": "sha512-Qp8dqDIIYgQoHxOGVKHwvQUkDe70/Ja/6dn8iCQAXyPvvpks3+T8scLTZLK8MPBBu+X8ustas6y4U6M6zdmCjA==",
      "dependencies": {
        "@babel/runtime": "^7.13.8",
        "@popperjs/core": "^2.8.6",
        "@restart/hooks": "^0.3.26",
        "@types/warning": "^3.0.0",
        "dom-helpers": "^5.2.0",
        "prop-types": "^15.7.2",
        "uncontrollable": "^7.2.1",
        "warning": "^4.0.3"
      },
      "peerDependencies": {
        "react": ">=16.3.0",
        "react-dom": ">=16.3.0"
      }
    },
    "node_modules/react-transition-group": {
      "version": "4.4.2",
      "resolved": "https://registry.npmjs.org/react-transition-group/-/react-transition-group-4.4.2.tgz",
      "integrity": "sha512-/RNYfRAMlZwDSr6z4zNKV6xu53/e2BuaBbGhbyYIXTrmgu/bGHzmqOs7mJSJBHy9Ud+ApHx3QjrkKSp1pxvlFg==",
      "dependencies": {
        "@babel/runtime": "^7.5.5",
        "dom-helpers": "^5.0.1",
        "loose-envify": "^1.4.0",
        "prop-types": "^15.6.2"
      },
      "peerDependencies": {
        "react": ">=16.6.0",
        "react-dom": ">=16.6.0"
      }
    },
    "node_modules/regenerator-runtime": {
      "version": "0.13.7",
      "resolved": "https://registry.npmjs.org/regenerator-runtime/-/regenerator-runtime-0.13.7.tgz",
      "integrity": "sha512-a54FxoJDIr27pgf7IgeQGxmqUNYrcV338lf/6gH456HZ/PhX+5BcwHXG9ajESmwe6WRO0tAzRUrRmNONWgkrew=="
    },
    "node_modules/scheduler": {
      "version": "0.20.2",
      "resolved": "https://registry.npmjs.org/scheduler/-/scheduler-0.20.2.tgz",
      "integrity": "sha512-2eWfGgAqqWFGqtdMmcL5zCMK1U8KlXv8SQFGglL3CEtd0aDVDWgeF/YoCmvln55m5zSk3J/20hTaSBeSObsQDQ==",
      "dependencies": {
        "loose-envify": "^1.1.0",
        "object-assign": "^4.1.1"
      }
    },
    "node_modules/source-map-js": {
      "version": "1.0.2",
      "resolved": "https://registry.npmjs.org/source-map-js/-/source-map-js-1.0.2.tgz",
      "integrity": "sha512-R0XvVJ9WusLiqTCEiGCmICCMplcCkIwwR11mOSD9CR5u+IXYdiseeEuXCVAjS54zqwkLcPNnmU4OeJ6tUrWhDw==",
      "engines": {
        "node": ">=0.10.0"
      }
    },
    "node_modules/streamsearch": {
      "version": "1.1.0",
      "resolved": "https://registry.npmjs.org/streamsearch/-/streamsearch-1.1.0.tgz",
      "integrity": "sha512-Mcc5wHehp9aXz1ax6bZUyY5afg9u2rv5cqQI3mRrYkGC8rW2hM02jWuwjtL++LS5qinSyhj2QfLyNsuc+VsExg==",
      "engines": {
        "node": ">=10.0.0"
      }
    },
    "node_modules/styled-jsx": {
      "version": "5.1.1",
      "resolved": "https://registry.npmjs.org/styled-jsx/-/styled-jsx-5.1.1.tgz",
      "integrity": "sha512-pW7uC1l4mBZ8ugbiZrcIsiIvVx1UmTfw7UkC3Um2tmfUq9Bhk8IiyEIPl6F8agHgjzku6j0xQEZbfA5uSgSaCw==",
      "dependencies": {
        "client-only": "0.0.1"
      },
      "engines": {
        "node": ">= 12.0.0"
      },
      "peerDependencies": {
        "react": ">= 16.8.0 || 17.x.x || ^18.0.0-0"
      },
      "peerDependenciesMeta": {
        "@babel/core": {
          "optional": true
        },
        "babel-plugin-macros": {
          "optional": true
        }
      }
    },
    "node_modules/tslib": {
      "version": "2.7.0",
      "resolved": "https://registry.npmjs.org/tslib/-/tslib-2.7.0.tgz",
      "integrity": "sha512-gLXCKdN1/j47AiHiOkJN69hJmcbGTHI0ImLmbYLHykhgeN0jVGola9yVjFgzCUklsZQMW55o+dW7IXv3RCXDzA=="
    },
    "node_modules/uncontrollable": {
      "version": "7.2.1",
      "resolved": "https://registry.npmjs.org/uncontrollable/-/uncontrollable-7.2.1.tgz",
      "integrity": "sha512-svtcfoTADIB0nT9nltgjujTi7BzVmwjZClOmskKu/E8FW9BXzg9os8OLr4f8Dlnk0rYWJIWr4wv9eKUXiQvQwQ==",
      "dependencies": {
        "@babel/runtime": "^7.6.3",
        "@types/react": ">=16.9.11",
        "invariant": "^2.2.4",
        "react-lifecycles-compat": "^3.0.4"
      },
      "peerDependencies": {
        "react": ">=15.0.0"
      }
    },
    "node_modules/warning": {
      "version": "4.0.3",
      "resolved": "https://registry.npmjs.org/warning/-/warning-4.0.3.tgz",
      "integrity": "sha512-rpJyN222KWIvHJ/F53XSZv0Zl/accqHR8et1kpaMTD/fLCRxtV8iX8czMzY7sVZupTI3zcUTg8eycS2kNF9l6w==",
      "dependencies": {
        "loose-envify": "^1.0.0"
      }
    }
  },
  "dependencies": {
    "@babel/runtime": {
      "version": "7.15.3",
      "resolved": "https://registry.npmjs.org/@babel/runtime/-/runtime-7.15.3.tgz",
      "integrity": "sha512-OvwMLqNXkCXSz1kSm58sEsNuhqOx/fKpnUnKnFB5v8uDda5bLNEHNgKPvhDN6IU0LDcnHQ90LlJ0Q6jnyBSIBA==",
      "requires": {
        "regenerator-runtime": "^0.13.4"
      }
    },
    "@fortawesome/fontawesome-common-types": {
      "version": "0.2.35",
      "resolved": "https://registry.npmjs.org/@fortawesome/fontawesome-common-types/-/fontawesome-common-types-0.2.35.tgz",
      "integrity": "sha512-IHUfxSEDS9dDGqYwIW7wTN6tn/O8E0n5PcAHz9cAaBoZw6UpG20IG/YM3NNLaGPwPqgjBAFjIURzqoQs3rrtuw=="
    },
    "@fortawesome/fontawesome-svg-core": {
      "version": "1.2.35",
      "resolved": "https://registry.npmjs.org/@fortawesome/fontawesome-svg-core/-/fontawesome-svg-core-1.2.35.tgz",
      "integrity": "sha512-uLEXifXIL7hnh2sNZQrIJWNol7cTVIzwI+4qcBIq9QWaZqUblm0IDrtSqbNg+3SQf8SMGHkiSigD++rHmCHjBg==",
      "requires": {
        "@fortawesome/fontawesome-common-types": "^0.2.35"
      }
    },
    "@fortawesome/free-brands-svg-icons": {
      "version": "5.15.3",
      "resolved": "https://registry.npmjs.org/@fortawesome/free-brands-svg-icons/-/free-brands-svg-icons-5.15.3.tgz",
      "integrity": "sha512-1hirPcbjj72ZJtFvdnXGPbAbpn3Ox6mH3g5STbANFp3vGSiE5u5ingAKV06mK6ZVqNYxUPlh4DlTnaIvLtF2kw==",
      "requires": {
        "@fortawesome/fontawesome-common-types": "^0.2.35"
      }
    },
    "@fortawesome/free-regular-svg-icons": {
      "version": "5.15.3",
      "resolved": "https://registry.npmjs.org/@fortawesome/free-regular-svg-icons/-/free-regular-svg-icons-5.15.3.tgz",
      "integrity": "sha512-q4/p8Xehy9qiVTdDWHL4Z+o5PCLRChePGZRTXkl+/Z7erDVL8VcZUuqzJjs6gUz6czss4VIPBRdCz6wP37/zMQ==",
      "requires": {
        "@fortawesome/fontawesome-common-types": "^0.2.35"
      }
    },
    "@fortawesome/free-solid-svg-icons": {
      "version": "5.15.3",
      "resolved": "https://registry.npmjs.org/@fortawesome/free-solid-svg-icons/-/free-solid-svg-icons-5.15.3.tgz",
      "integrity": "sha512-XPeeu1IlGYqz4VWGRAT5ukNMd4VHUEEJ7ysZ7pSSgaEtNvSo+FLurybGJVmiqkQdK50OkSja2bfZXOeyMGRD8Q==",
      "requires": {
        "@fortawesome/fontawesome-common-types": "^0.2.35"
      }
    },
    "@fortawesome/react-fontawesome": {
      "version": "0.1.14",
      "resolved": "https://registry.npmjs.org/@fortawesome/react-fontawesome/-/react-fontawesome-0.1.14.tgz",
      "integrity": "sha512-4wqNb0gRLVaBm/h+lGe8UfPPivcbuJ6ecI4hIgW0LjI7kzpYB9FkN0L9apbVzg+lsBdcTf0AlBtODjcSX5mmKA==",
      "requires": {
        "prop-types": "^15.7.2"
      }
    },
    "@next/env": {
      "version": "14.2.15",
      "resolved": "https://registry.npmjs.org/@next/env/-/env-14.2.15.tgz",
      "integrity": "sha512-S1qaj25Wru2dUpcIZMjxeMVSwkt8BK4dmWHHiBuRstcIyOsMapqT4A4jSB6onvqeygkSSmOkyny9VVx8JIGamQ=="
    },
    "@next/swc-darwin-arm64": {
      "version": "14.2.15",
      "resolved": "https://registry.npmjs.org/@next/swc-darwin-arm64/-/swc-darwin-arm64-14.2.15.tgz",
      "integrity": "sha512-Rvh7KU9hOUBnZ9TJ28n2Oa7dD9cvDBKua9IKx7cfQQ0GoYUwg9ig31O2oMwH3wm+pE3IkAQ67ZobPfEgurPZIA==",
      "optional": true
    },
    "@next/swc-darwin-x64": {
      "version": "14.2.15",
      "resolved": "https://registry.npmjs.org/@next/swc-darwin-x64/-/swc-darwin-x64-14.2.15.tgz",
      "integrity": "sha512-5TGyjFcf8ampZP3e+FyCax5zFVHi+Oe7sZyaKOngsqyaNEpOgkKB3sqmymkZfowy3ufGA/tUgDPPxpQx931lHg==",
      "optional": true
    },
    "@next/swc-linux-arm64-gnu": {
      "version": "14.2.15",
      "resolved": "https://registry.npmjs.org/@next/swc-linux-arm64-gnu/-/swc-linux-arm64-gnu-14.2.15.tgz",
      "integrity": "sha512-3Bwv4oc08ONiQ3FiOLKT72Q+ndEMyLNsc/D3qnLMbtUYTQAmkx9E/JRu0DBpHxNddBmNT5hxz1mYBphJ3mfrrw==",
      "optional": true
    },
    "@next/swc-linux-arm64-musl": {
      "version": "14.2.15",
      "resolved": "https://registry.npmjs.org/@next/swc-linux-arm64-musl/-/swc-linux-arm64-musl-14.2.15.tgz",
      "integrity": "sha512-k5xf/tg1FBv/M4CMd8S+JL3uV9BnnRmoe7F+GWC3DxkTCD9aewFRH1s5rJ1zkzDa+Do4zyN8qD0N8c84Hu96FQ==",
      "optional": true
    },
    "@next/swc-linux-x64-gnu": {
      "version": "14.2.15",
      "resolved": "https://registry.npmjs.org/@next/swc-linux-x64-gnu/-/swc-linux-x64-gnu-14.2.15.tgz",
      "integrity": "sha512-kE6q38hbrRbKEkkVn62reLXhThLRh6/TvgSP56GkFNhU22TbIrQDEMrO7j0IcQHcew2wfykq8lZyHFabz0oBrA==",
      "optional": true
    },
    "@next/swc-linux-x64-musl": {
      "version": "14.2.15",
      "resolved": "https://registry.npmjs.org/@next/swc-linux-x64-musl/-/swc-linux-x64-musl-14.2.15.tgz",
      "integrity": "sha512-PZ5YE9ouy/IdO7QVJeIcyLn/Rc4ml9M2G4y3kCM9MNf1YKvFY4heg3pVa/jQbMro+tP6yc4G2o9LjAz1zxD7tQ==",
      "optional": true
    },
    "@next/swc-win32-arm64-msvc": {
      "version": "14.2.15",
      "resolved": "https://registry.npmjs.org/@next/swc-win32-arm64-msvc/-/swc-win32-arm64-msvc-14.2.15.tgz",
      "integrity": "sha512-2raR16703kBvYEQD9HNLyb0/394yfqzmIeyp2nDzcPV4yPjqNUG3ohX6jX00WryXz6s1FXpVhsCo3i+g4RUX+g==",
      "optional": true
    },
    "@next/swc-win32-ia32-msvc": {
      "version": "14.2.15",
      "resolved": "https://registry.npmjs.org/@next/swc-win32-ia32-msvc/-/swc-win32-ia32-msvc-14.2.15.tgz",
      "integrity": "sha512-fyTE8cklgkyR1p03kJa5zXEaZ9El+kDNM5A+66+8evQS5e/6v0Gk28LqA0Jet8gKSOyP+OTm/tJHzMlGdQerdQ==",
      "optional": true
    },
    "@next/swc-win32-x64-msvc": {
      "version": "14.2.15",
      "resolved": "https://registry.npmjs.org/@next/swc-win32-x64-msvc/-/swc-win32-x64-msvc-14.2.15.tgz",
      "integrity": "sha512-SzqGbsLsP9OwKNUG9nekShTwhj6JSB9ZLMWQ8g1gG6hdE5gQLncbnbymrwy2yVmH9nikSLYRYxYMFu78Ggp7/g==",
      "optional": true
    },
    "@popperjs/core": {
      "version": "2.9.2",
      "resolved": "https://registry.npmjs.org/@popperjs/core/-/core-2.9.2.tgz",
      "integrity": "sha512-VZMYa7+fXHdwIq1TDhSXoVmSPEGM/aa+6Aiq3nVVJ9bXr24zScr+NlKFKC3iPljA7ho/GAZr+d2jOf5GIRC30Q=="
    },
    "@restart/context": {
      "version": "2.1.4",
      "resolved": "https://registry.npmjs.org/@restart/context/-/context-2.1.4.tgz",
      "integrity": "sha512-INJYZQJP7g+IoDUh/475NlGiTeMfwTXUEr3tmRneckHIxNolGOW9CTq83S8cxq0CgJwwcMzMJFchxvlwe7Rk8Q==",
      "requires": {}
    },
    "@restart/hooks": {
      "version": "0.3.27",
      "resolved": "https://registry.npmjs.org/@restart/hooks/-/hooks-0.3.27.tgz",
      "integrity": "sha512-s984xV/EapUIfkjlf8wz9weP2O9TNKR96C68FfMEy2bE69+H4cNv3RD4Mf97lW7Htt7PjZrYTjSC8f3SB9VCXw==",
      "requires": {
        "dequal": "^2.0.2"
      }
    },
    "@swc/counter": {
      "version": "0.1.3",
      "resolved": "https://registry.npmjs.org/@swc/counter/-/counter-0.1.3.tgz",
      "integrity": "sha512-e2BR4lsJkkRlKZ/qCHPw9ZaSxc0MVUd7gtbtaB7aMvHeJVYe8sOB8DBZkP2DtISHGSku9sCK6T6cnY0CtXrOCQ=="
    },
    "@swc/helpers": {
      "version": "0.5.5",
      "resolved": "https://registry.npmjs.org/@swc/helpers/-/helpers-0.5.5.tgz",
      "integrity": "sha512-KGYxvIOXcceOAbEk4bi/dVLEK9z8sZ0uBB3Il5b1rhfClSpcX0yfRO0KmTkqR2cnQDymwLB+25ZyMzICg/cm/A==",
      "requires": {
        "@swc/counter": "^0.1.3",
        "tslib": "^2.4.0"
      }
    },
    "@types/invariant": {
      "version": "2.2.34",
      "resolved": "https://registry.npmjs.org/@types/invariant/-/invariant-2.2.34.tgz",
      "integrity": "sha512-lYUtmJ9BqUN688fGY1U1HZoWT1/Jrmgigx2loq4ZcJpICECm/Om3V314BxdzypO0u5PORKGMM6x0OXaljV1YFg=="
    },
    "@types/prop-types": {
      "version": "15.7.3",
      "resolved": "https://registry.npmjs.org/@types/prop-types/-/prop-types-15.7.3.tgz",
      "integrity": "sha512-KfRL3PuHmqQLOG+2tGpRO26Ctg+Cq1E01D2DMriKEATHgWLfeNDmq9e29Q9WIky0dQ3NPkd1mzYH8Lm936Z9qw=="
    },
    "@types/react": {
      "version": "17.0.13",
      "resolved": "https://registry.npmjs.org/@types/react/-/react-17.0.13.tgz",
      "integrity": "sha512-D/G3PiuqTfE3IMNjLn/DCp6umjVCSvtZTPdtAFy5+Ved6CsdRvivfKeCzw79W4AatShtU4nGqgvOv5Gro534vQ==",
      "requires": {
        "@types/prop-types": "*",
        "@types/scheduler": "*",
        "csstype": "^3.0.2"
      }
    },
    "@types/react-transition-group": {
      "version": "4.4.1",
      "resolved": "https://registry.npmjs.org/@types/react-transition-group/-/react-transition-group-4.4.1.tgz",
      "integrity": "sha512-vIo69qKKcYoJ8wKCJjwSgCTM+z3chw3g18dkrDfVX665tMH7tmbDxEAnPdey4gTlwZz5QuHGzd+hul0OVZDqqQ==",
      "requires": {
        "@types/react": "*"
      }
    },
    "@types/scheduler": {
      "version": "0.16.1",
      "resolved": "https://registry.npmjs.org/@types/scheduler/-/scheduler-0.16.1.tgz",
      "integrity": "sha512-EaCxbanVeyxDRTQBkdLb3Bvl/HK7PBK6UJjsSixB0iHKoWxE5uu2Q/DgtpOhPIojN0Zl1whvOd7PoHs2P0s5eA=="
    },
    "@types/warning": {
      "version": "3.0.0",
      "resolved": "https://registry.npmjs.org/@types/warning/-/warning-3.0.0.tgz",
      "integrity": "sha1-DSUBJorY+ZYrdA04fEZU9fjiPlI="
    },
    "busboy": {
      "version": "1.6.0",
      "resolved": "https://registry.npmjs.org/busboy/-/busboy-1.6.0.tgz",
      "integrity": "sha512-8SFQbg/0hQ9xy3UNTB0YEnsNBbWfhf7RtnzpL7TkBiTBRfrQ9Fxcnz7VJsleJpyp6rVLvXiuORqjlHi5q+PYuA==",
      "requires": {
        "streamsearch": "^1.1.0"
      }
    },
    "caniuse-lite": {
      "version": "1.0.30001617",
      "resolved": "https://registry.npmjs.org/caniuse-lite/-/caniuse-lite-1.0.30001617.tgz",
      "integrity": "sha512-mLyjzNI9I+Pix8zwcrpxEbGlfqOkF9kM3ptzmKNw5tizSyYwMe+nGLTqMK9cO+0E+Bh6TsBxNAaHWEM8xwSsmA=="
    },
    "client-only": {
      "version": "0.0.1",
      "resolved": "https://registry.npmjs.org/client-only/-/client-only-0.0.1.tgz",
      "integrity": "sha512-IV3Ou0jSMzZrd3pZ48nLkT9DA7Ag1pnPzaiQhpW7c3RbcqqzvzzVu+L8gfqMp/8IM2MQtSiqaCxrrcfu8I8rMA=="
    },
    "csstype": {
      "version": "3.0.8",
      "resolved": "https://registry.npmjs.org/csstype/-/csstype-3.0.8.tgz",
      "integrity": "sha512-jXKhWqXPmlUeoQnF/EhTtTl4C9SnrxSH/jZUih3jmO6lBKr99rP3/+FmrMj4EFpOXzMtXHAZkd3x0E6h6Fgflw=="
    },
    "dequal": {
      "version": "2.0.2",
      "resolved": "https://registry.npmjs.org/dequal/-/dequal-2.0.2.tgz",
      "integrity": "sha512-q9K8BlJVxK7hQYqa6XISGmBZbtQQWVXSrRrWreHC94rMt1QL/Impruc+7p2CYSYuVIUr+YCt6hjrs1kkdJRTug=="
    },
    "dom-helpers": {
      "version": "5.2.1",
      "resolved": "https://registry.npmjs.org/dom-helpers/-/dom-helpers-5.2.1.tgz",
      "integrity": "sha512-nRCa7CK3VTrM2NmGkIy4cbK7IZlgBE/PYMn55rrXefr5xXDP0LdtfPnblFDoVdcAfslJ7or6iqAUnx0CCGIWQA==",
      "requires": {
        "@babel/runtime": "^7.8.7",
        "csstype": "^3.0.2"
      }
    },
    "graceful-fs": {
      "version": "4.2.11",
      "resolved": "https://registry.npmjs.org/graceful-fs/-/graceful-fs-4.2.11.tgz",
      "integrity": "sha512-RbJ5/jmFcNNCcDV5o9eTnBLJ/HszWV0P73bc+Ff4nS/rJj+YaS6IGyiOL0VoBYX+l1Wrl3k63h/KrH+nhJ0XvQ=="
    },
    "invariant": {
      "version": "2.2.4",
      "resolved": "https://registry.npmjs.org/invariant/-/invariant-2.2.4.tgz",
      "integrity": "sha512-phJfQVBuaJM5raOpJjSfkiD6BpbCE4Ns//LaXl6wGYtUBY83nWS6Rf9tXm2e8VaK60JEjYldbPif/A2B1C2gNA==",
      "requires": {
        "loose-envify": "^1.0.0"
      }
    },
    "js-tokens": {
      "version": "4.0.0",
      "resolved": "https://registry.npmjs.org/js-tokens/-/js-tokens-4.0.0.tgz",
      "integrity": "sha512-RdJUflcE3cUzKiMqQgsCu06FPu9UdIJO0beYbPhHN4k6apgJtifcoCtT9bcxOpYBtpD2kCM6Sbzg4CausW/PKQ=="
    },
    "loose-envify": {
      "version": "1.4.0",
      "resolved": "https://registry.npmjs.org/loose-envify/-/loose-envify-1.4.0.tgz",
      "integrity": "sha512-lyuxPGr/Wfhrlem2CL/UcnUc1zcqKAImBDzukY7Y5F/yQiNdko6+fRLevlw1HgMySw7f611UIY408EtxRSoK3Q==",
      "requires": {
        "js-tokens": "^3.0.0 || ^4.0.0"
      }
    },
    "nanoid": {
      "version": "3.3.8",
      "resolved": "https://registry.npmjs.org/nanoid/-/nanoid-3.3.8.tgz",
      "integrity": "sha512-WNLf5Sd8oZxOm+TzppcYk8gVOgP+l58xNy58D0nbUnOxOWRWvlcCV4kUF7ltmI6PsrLl/BgKEyS4mqsGChFN0w=="
    },
    "next": {
      "version": "14.2.15",
      "resolved": "https://registry.npmjs.org/next/-/next-14.2.15.tgz",
      "integrity": "sha512-h9ctmOokpoDphRvMGnwOJAedT6zKhwqyZML9mDtspgf4Rh3Pn7UTYKqePNoDvhsWBAO5GoPNYshnAUGIazVGmw==",
      "requires": {
        "@next/env": "14.2.15",
        "@next/swc-darwin-arm64": "14.2.15",
        "@next/swc-darwin-x64": "14.2.15",
        "@next/swc-linux-arm64-gnu": "14.2.15",
        "@next/swc-linux-arm64-musl": "14.2.15",
        "@next/swc-linux-x64-gnu": "14.2.15",
        "@next/swc-linux-x64-musl": "14.2.15",
        "@next/swc-win32-arm64-msvc": "14.2.15",
        "@next/swc-win32-ia32-msvc": "14.2.15",
        "@next/swc-win32-x64-msvc": "14.2.15",
        "@swc/helpers": "0.5.5",
        "busboy": "1.6.0",
        "caniuse-lite": "^1.0.30001579",
        "graceful-fs": "^4.2.11",
        "postcss": "8.4.31",
        "styled-jsx": "5.1.1"
      }
    },
    "object-assign": {
      "version": "4.1.1",
      "resolved": "https://registry.npmjs.org/object-assign/-/object-assign-4.1.1.tgz",
      "integrity": "sha1-IQmtx5ZYh8/AXLvUQsrIv7s2CGM="
    },
    "picocolors": {
      "version": "1.0.0",
      "resolved": "https://registry.npmjs.org/picocolors/-/picocolors-1.0.0.tgz",
      "integrity": "sha512-1fygroTLlHu66zi26VoTDv8yRgm0Fccecssto+MhsZ0D/DGW2sm8E8AjW7NU5VVTRt5GxbeZ5qBuJr+HyLYkjQ=="
    },
    "postcss": {
      "version": "8.4.31",
      "resolved": "https://registry.npmjs.org/postcss/-/postcss-8.4.31.tgz",
      "integrity": "sha512-PS08Iboia9mts/2ygV3eLpY5ghnUcfLV/EXTOW1E2qYxJKGGBUtNjN76FYHnMs36RmARn41bC0AZmn+rR0OVpQ==",
      "requires": {
        "nanoid": "^3.3.6",
        "picocolors": "^1.0.0",
        "source-map-js": "^1.0.2"
      }
    },
    "prop-types": {
      "version": "15.7.2",
      "resolved": "https://registry.npmjs.org/prop-types/-/prop-types-15.7.2.tgz",
      "integrity": "sha512-8QQikdH7//R2vurIJSutZ1smHYTcLpRWEOlHnzcWHmBYrOGUysKwSsrC89BCiFj3CbrfJ/nXFdJepOVrY1GCHQ==",
      "requires": {
        "loose-envify": "^1.4.0",
        "object-assign": "^4.1.1",
        "react-is": "^16.8.1"
      },
      "dependencies": {
        "react-is": {
          "version": "16.13.1",
          "resolved": "https://registry.npmjs.org/react-is/-/react-is-16.13.1.tgz",
          "integrity": "sha512-24e6ynE2H+OKt4kqsOvNd8kBpV65zoxbA4BVsEOB3ARVWQki/DHzaUoC5KuON/BiccDaCCTZBuOcfZs70kR8bQ=="
        }
      }
    },
    "prop-types-extra": {
      "version": "1.1.1",
      "resolved": "https://registry.npmjs.org/prop-types-extra/-/prop-types-extra-1.1.1.tgz",
      "integrity": "sha512-59+AHNnHYCdiC+vMwY52WmvP5dM3QLeoumYuEyceQDi9aEhtwN9zIQ2ZNo25sMyXnbh32h+P1ezDsUpUH3JAew==",
      "requires": {
        "react-is": "^16.3.2",
        "warning": "^4.0.0"
      },
      "dependencies": {
        "react-is": {
          "version": "16.13.1",
          "resolved": "https://registry.npmjs.org/react-is/-/react-is-16.13.1.tgz",
          "integrity": "sha512-24e6ynE2H+OKt4kqsOvNd8kBpV65zoxbA4BVsEOB3ARVWQki/DHzaUoC5KuON/BiccDaCCTZBuOcfZs70kR8bQ=="
        }
      }
    },
    "react": {
      "version": "17.0.2",
      "resolved": "https://registry.npmjs.org/react/-/react-17.0.2.tgz",
      "integrity": "sha512-gnhPt75i/dq/z3/6q/0asP78D0u592D5L1pd7M8P+dck6Fu/jJeL6iVVK23fptSUZj8Vjf++7wXA8UNclGQcbA==",
      "requires": {
        "loose-envify": "^1.1.0",
        "object-assign": "^4.1.1"
      }
    },
    "react-bootstrap": {
      "version": "1.6.1",
      "resolved": "https://registry.npmjs.org/react-bootstrap/-/react-bootstrap-1.6.1.tgz",
      "integrity": "sha512-ojEPQ6OtyIMdLg0Smofk+85PKN6MLKQX3bU0Vwmok/4yNa8DQ2vCGhO2IgHJvT+ERQZ4X+gAQcdn6msAHSwLBg==",
      "requires": {
        "@babel/runtime": "^7.14.0",
        "@restart/context": "^2.1.4",
        "@restart/hooks": "^0.3.26",
        "@types/invariant": "^2.2.33",
        "@types/prop-types": "^15.7.3",
        "@types/react": ">=16.14.8",
        "@types/react-transition-group": "^4.4.1",
        "@types/warning": "^3.0.0",
        "classnames": "^2.3.1",
        "dom-helpers": "^5.2.1",
        "invariant": "^2.2.4",
        "prop-types": "^15.7.2",
        "prop-types-extra": "^1.1.0",
        "react-overlays": "^5.0.1",
        "react-transition-group": "^4.4.1",
        "uncontrollable": "^7.2.1",
        "warning": "^4.0.3"
      },
      "dependencies": {
        "classnames": {
          "version": "2.3.1",
          "resolved": "https://registry.npmjs.org/classnames/-/classnames-2.3.1.tgz",
          "integrity": "sha512-OlQdbZ7gLfGarSqxesMesDa5uz7KFbID8Kpq/SxIoNGDqY8lSYs0D+hhtBXhcdB3rcbXArFr7vlHheLk1voeNA=="
        }
      }
    },
    "react-dom": {
      "version": "17.0.2",
      "resolved": "https://registry.npmjs.org/react-dom/-/react-dom-17.0.2.tgz",
      "integrity": "sha512-s4h96KtLDUQlsENhMn1ar8t2bEa+q/YAtj8pPPdIjPDGBDIVNsrD9aXNWqspUe6AzKCIG0C1HZZLqLV7qpOBGA==",
      "requires": {
        "loose-envify": "^1.1.0",
        "object-assign": "^4.1.1",
        "scheduler": "^0.20.2"
      }
    },
    "react-lifecycles-compat": {
      "version": "3.0.4",
      "resolved": "https://registry.npmjs.org/react-lifecycles-compat/-/react-lifecycles-compat-3.0.4.tgz",
      "integrity": "sha512-fBASbA6LnOU9dOU2eW7aQ8xmYBSXUIWr+UmF9b1efZBazGNO+rcXT/icdKnYm2pTwcRylVUYwW7H1PHfLekVzA=="
    },
    "react-overlays": {
      "version": "5.1.0",
      "resolved": "https://registry.npmjs.org/react-overlays/-/react-overlays-5.1.0.tgz",
      "integrity": "sha512-Qp8dqDIIYgQoHxOGVKHwvQUkDe70/Ja/6dn8iCQAXyPvvpks3+T8scLTZLK8MPBBu+X8ustas6y4U6M6zdmCjA==",
      "requires": {
        "@babel/runtime": "^7.13.8",
        "@popperjs/core": "^2.8.6",
        "@restart/hooks": "^0.3.26",
        "@types/warning": "^3.0.0",
        "dom-helpers": "^5.2.0",
        "prop-types": "^15.7.2",
        "uncontrollable": "^7.2.1",
        "warning": "^4.0.3"
      }
    },
    "react-transition-group": {
      "version": "4.4.2",
      "resolved": "https://registry.npmjs.org/react-transition-group/-/react-transition-group-4.4.2.tgz",
      "integrity": "sha512-/RNYfRAMlZwDSr6z4zNKV6xu53/e2BuaBbGhbyYIXTrmgu/bGHzmqOs7mJSJBHy9Ud+ApHx3QjrkKSp1pxvlFg==",
      "requires": {
        "@babel/runtime": "^7.5.5",
        "dom-helpers": "^5.0.1",
        "loose-envify": "^1.4.0",
        "prop-types": "^15.6.2"
      }
    },
    "regenerator-runtime": {
      "version": "0.13.7",
      "resolved": "https://registry.npmjs.org/regenerator-runtime/-/regenerator-runtime-0.13.7.tgz",
      "integrity": "sha512-a54FxoJDIr27pgf7IgeQGxmqUNYrcV338lf/6gH456HZ/PhX+5BcwHXG9ajESmwe6WRO0tAzRUrRmNONWgkrew=="
    },
    "scheduler": {
      "version": "0.20.2",
      "resolved": "https://registry.npmjs.org/scheduler/-/scheduler-0.20.2.tgz",
      "integrity": "sha512-2eWfGgAqqWFGqtdMmcL5zCMK1U8KlXv8SQFGglL3CEtd0aDVDWgeF/YoCmvln55m5zSk3J/20hTaSBeSObsQDQ==",
      "requires": {
        "loose-envify": "^1.1.0",
        "object-assign": "^4.1.1"
      }
    },
    "source-map-js": {
      "version": "1.0.2",
      "resolved": "https://registry.npmjs.org/source-map-js/-/source-map-js-1.0.2.tgz",
      "integrity": "sha512-R0XvVJ9WusLiqTCEiGCmICCMplcCkIwwR11mOSD9CR5u+IXYdiseeEuXCVAjS54zqwkLcPNnmU4OeJ6tUrWhDw=="
    },
    "streamsearch": {
      "version": "1.1.0",
      "resolved": "https://registry.npmjs.org/streamsearch/-/streamsearch-1.1.0.tgz",
      "integrity": "sha512-Mcc5wHehp9aXz1ax6bZUyY5afg9u2rv5cqQI3mRrYkGC8rW2hM02jWuwjtL++LS5qinSyhj2QfLyNsuc+VsExg=="
    },
    "styled-jsx": {
      "version": "5.1.1",
      "resolved": "https://registry.npmjs.org/styled-jsx/-/styled-jsx-5.1.1.tgz",
      "integrity": "sha512-pW7uC1l4mBZ8ugbiZrcIsiIvVx1UmTfw7UkC3Um2tmfUq9Bhk8IiyEIPl6F8agHgjzku6j0xQEZbfA5uSgSaCw==",
      "requires": {
        "client-only": "0.0.1"
      }
    },
    "tslib": {
      "version": "2.7.0",
      "resolved": "https://registry.npmjs.org/tslib/-/tslib-2.7.0.tgz",
      "integrity": "sha512-gLXCKdN1/j47AiHiOkJN69hJmcbGTHI0ImLmbYLHykhgeN0jVGola9yVjFgzCUklsZQMW55o+dW7IXv3RCXDzA=="
    },
    "uncontrollable": {
      "version": "7.2.1",
      "resolved": "https://registry.npmjs.org/uncontrollable/-/uncontrollable-7.2.1.tgz",
      "integrity": "sha512-svtcfoTADIB0nT9nltgjujTi7BzVmwjZClOmskKu/E8FW9BXzg9os8OLr4f8Dlnk0rYWJIWr4wv9eKUXiQvQwQ==",
      "requires": {
        "@babel/runtime": "^7.6.3",
        "@types/react": ">=16.9.11",
        "invariant": "^2.2.4",
        "react-lifecycles-compat": "^3.0.4"
      }
    },
    "warning": {
      "version": "4.0.3",
      "resolved": "https://registry.npmjs.org/warning/-/warning-4.0.3.tgz",
      "integrity": "sha512-rpJyN222KWIvHJ/F53XSZv0Zl/accqHR8et1kpaMTD/fLCRxtV8iX8czMzY7sVZupTI3zcUTg8eycS2kNF9l6w==",
      "requires": {
        "loose-envify": "^1.0.0"
      }
    }
  }
}
